
Microsoft Visual Studio Solution File, Format Version 12.00
# Visual Studio Version 17
VisualStudioVersion = 17.11.35327.3
MinimumVisualStudioVersion = 10.0.40219.1
Project("{FAE04EC0-301F-11D3-BF4B-00C04F79EFBC}") = "ULTRAPRACTICE", "ULTRAPRACTICE.csproj", "{059006CB-A226-40C1-8E6A-327DFD56779D}"
EndProject
Global
	GlobalSection(SolutionConfigurationPlatforms) = preSolution
		Debug|Any CPU = Debug|Any CPU
		Release|Any CPU = Release|Any CPU
	EndGlobalSection
	GlobalSection(ProjectConfigurationPlatforms) = postSolution
		{059006CB-A226-40C1-8E6A-327DFD56779D}.Debug|Any CPU.ActiveCfg = Debug|Any CPU
		{059006CB-A226-40C1-8E6A-327DFD56779D}.Debug|Any CPU.Build.0 = Debug|Any CPU
		{059006CB-A226-40C1-8E6A-327DFD56779D}.Release|Any CPU.ActiveCfg = Release|Any CPU
		{059006CB-A226-40C1-8E6A-327DFD56779D}.Release|Any CPU.Build.0 = Release|Any CPU
	EndGlobalSection
	GlobalSection(SolutionProperties) = preSolution
		HideSolutionNode = FALSE
	EndGlobalSection
	GlobalSection(ExtensibilityGlobals) = postSolution
		SolutionGuid = {4CD0C88D-15D6-47AE-99D7-6777EF19ECDC}
	EndGlobalSection
EndGlobal
